
Microsoft Visual Studio Solution File, Format Version 12.00
# Visual Studio 15
VisualStudioVersion = 15.0.28307.852
MinimumVisualStudioVersion = 10.0.40219.1
Project("{FAE04EC0-301F-11D3-BF4B-00C04F79EFBC}") = "RSA", "RSA\RSA.csproj", "{2C4313D0-A9B9-435D-8794-77B73EECABE7}"
EndProject
Global
	GlobalSection(SolutionConfigurationPlatforms) = preSolution
		Debug|Any CPU = Debug|Any CPU
		Release|Any CPU = Release|Any CPU
	EndGlobalSection
	GlobalSection(ProjectConfigurationPlatforms) = postSolution
		{2C4313D0-A9B9-435D-8794-77B73EECABE7}.Debug|Any CPU.ActiveCfg = Debug|Any CPU
		{2C4313D0-A9B9-435D-8794-77B73EECABE7}.Debug|Any CPU.Build.0 = Debug|Any CPU
		{2C4313D0-A9B9-435D-8794-77B73EECABE7}.Release|Any CPU.ActiveCfg = Release|Any CPU
		{2C4313D0-A9B9-435D-8794-77B73EECABE7}.Release|Any CPU.Build.0 = Release|Any CPU
	EndGlobalSection
	GlobalSection(SolutionProperties) = preSolution
		HideSolutionNode = FALSE
	EndGlobalSection
	GlobalSection(ExtensibilityGlobals) = postSolution
		SolutionGuid = {81789F5E-15C5-4084-BB85-4890CB4653E9}
	EndGlobalSection
EndGlobal
